
Microsoft Visual Studio Solution File, Format Version 12.00
# Visual Studio Version 17
VisualStudioVersion = 17.9.34728.123
MinimumVisualStudioVersion = 10.0.40219.1
Project("{FAE04EC0-301F-11D3-BF4B-00C04F79EFBC}") = "MusicPlayerApp", "MusicPlayerApp.csproj", "{FD1750DC-C69C-42E7-9094-C5F8F5CAEF75}"
EndProject
Global
	GlobalSection(SolutionConfigurationPlatforms) = preSolution
		Debug|Any CPU = Debug|Any CPU
		Release|Any CPU = Release|Any CPU
	EndGlobalSection
	GlobalSection(ProjectConfigurationPlatforms) = postSolution
		{FD1750DC-C69C-42E7-9094-C5F8F5CAEF75}.Debug|Any CPU.ActiveCfg = Debug|Any CPU
		{FD1750DC-C69C-42E7-9094-C5F8F5CAEF75}.Debug|Any CPU.Build.0 = Debug|Any CPU
		{FD1750DC-C69C-42E7-9094-C5F8F5CAEF75}.Release|Any CPU.ActiveCfg = Release|Any CPU
		{FD1750DC-C69C-42E7-9094-C5F8F5CAEF75}.Release|Any CPU.Build.0 = Release|Any CPU
	EndGlobalSection
	GlobalSection(SolutionProperties) = preSolution
		HideSolutionNode = FALSE
	EndGlobalSection
	GlobalSection(ExtensibilityGlobals) = postSolution
		SolutionGuid = {98C13E6E-2B21-422E-BEB9-9FE9DFC8A96C}
	EndGlobalSection
EndGlobal
